
Microsoft Visual Studio Solution File, Format Version 12.00
# Visual Studio 15
VisualStudioVersion = 15.0.27703.2042
MinimumVisualStudioVersion = 10.0.40219.1
Project("{FAE04EC0-301F-11D3-BF4B-00C04F79EFBC}") = "SolidWorkshop", "SolidWorkshop\SolidWorkshop.csproj", "{06B22301-646D-4BC1-9CA3-DC1C98E18E90}"
EndProject
Project("{FAE04EC0-301F-11D3-BF4B-00C04F79EFBC}") = "DependencyResolver", "DependencyResolver\DependencyResolver.csproj", "{94F36DE4-5DA8-407A-859E-20B02D14555B}"
EndProject
Global
	GlobalSection(SolutionConfigurationPlatforms) = preSolution
		Debug|Any CPU = Debug|Any CPU
		Release|Any CPU = Release|Any CPU
	EndGlobalSection
	GlobalSection(ProjectConfigurationPlatforms) = postSolution
		{06B22301-646D-4BC1-9CA3-DC1C98E18E90}.Debug|Any CPU.ActiveCfg = Debug|Any CPU
		{06B22301-646D-4BC1-9CA3-DC1C98E18E90}.Debug|Any CPU.Build.0 = Debug|Any CPU
		{06B22301-646D-4BC1-9CA3-DC1C98E18E90}.Release|Any CPU.ActiveCfg = Release|Any CPU
		{06B22301-646D-4BC1-9CA3-DC1C98E18E90}.Release|Any CPU.Build.0 = Release|Any CPU
		{94F36DE4-5DA8-407A-859E-20B02D14555B}.Debug|Any CPU.ActiveCfg = Debug|Any CPU
		{94F36DE4-5DA8-407A-859E-20B02D14555B}.Debug|Any CPU.Build.0 = Debug|Any CPU
		{94F36DE4-5DA8-407A-859E-20B02D14555B}.Release|Any CPU.ActiveCfg = Release|Any CPU
		{94F36DE4-5DA8-407A-859E-20B02D14555B}.Release|Any CPU.Build.0 = Release|Any CPU
	EndGlobalSection
	GlobalSection(SolutionProperties) = preSolution
		HideSolutionNode = FALSE
	EndGlobalSection
	GlobalSection(ExtensibilityGlobals) = postSolution
		SolutionGuid = {F8FC1B18-2572-482A-B2AA-26DAD8495E1C}
	EndGlobalSection
EndGlobal
